{
  "name": "sis",
  "version": "1.0.0",
  "lockfileVersion": 1,
  "requires": true,
  "dependencies": {
    "systeminformation": {
      "version": "3.45.6",
      "resolved": "https://registry.npmjs.org/systeminformation/-/systeminformation-3.45.6.tgz",
      "integrity": "sha512-6KQONx+Jx6SnhGEeGziMt0DBkIFvbujE6zEFEQwOLk+EZtlxzbgp/9xxvyb40u11nOgNCJyDjFKB/inkbWY+lQ=="
    }
  }
}
